
Microsoft Visual Studio Solution File, Format Version 12.00
# Visual Studio Version 16
VisualStudioVersion = 16.0.33214.272
MinimumVisualStudioVersion = 10.0.40219.1
Project("{FAE04EC0-301F-11D3-BF4B-00C04F79EFBC}") = "ConsoleApp1", "ConsoleApp1\ConsoleApp1.csproj", "{55DDC809-4E4D-4123-BDE8-9BA198298148}"
EndProject
Project("{FAE04EC0-301F-11D3-BF4B-00C04F79EFBC}") = "ConsoleApp2", "ConsoleApp2\ConsoleApp2.csproj", "{52CD4E47-1785-44D9-801F-BB9D12961029}"
EndProject
Global
	GlobalSection(SolutionConfigurationPlatforms) = preSolution
		Debug|Any CPU = Debug|Any CPU
		Release|Any CPU = Release|Any CPU
	EndGlobalSection
	GlobalSection(ProjectConfigurationPlatforms) = postSolution
		{55DDC809-4E4D-4123-BDE8-9BA198298148}.Debug|Any CPU.ActiveCfg = Debug|Any CPU
		{55DDC809-4E4D-4123-BDE8-9BA198298148}.Debug|Any CPU.Build.0 = Debug|Any CPU
		{55DDC809-4E4D-4123-BDE8-9BA198298148}.Release|Any CPU.ActiveCfg = Release|Any CPU
		{55DDC809-4E4D-4123-BDE8-9BA198298148}.Release|Any CPU.Build.0 = Release|Any CPU
		{52CD4E47-1785-44D9-801F-BB9D12961029}.Debug|Any CPU.ActiveCfg = Debug|Any CPU
		{52CD4E47-1785-44D9-801F-BB9D12961029}.Debug|Any CPU.Build.0 = Debug|Any CPU
		{52CD4E47-1785-44D9-801F-BB9D12961029}.Release|Any CPU.ActiveCfg = Release|Any CPU
		{52CD4E47-1785-44D9-801F-BB9D12961029}.Release|Any CPU.Build.0 = Release|Any CPU
	EndGlobalSection
	GlobalSection(SolutionProperties) = preSolution
		HideSolutionNode = FALSE
	EndGlobalSection
	GlobalSection(ExtensibilityGlobals) = postSolution
		SolutionGuid = {AD4681A4-F7B1-4F98-9806-3CDFDC031827}
	EndGlobalSection
EndGlobal
